
Microsoft Visual Studio Solution File, Format Version 12.00
# Visual Studio Version 16
VisualStudioVersion = 16.0.30309.148
MinimumVisualStudioVersion = 10.0.40219.1
Project("{9A19103F-16F7-4668-BE54-9A1E7A4F7556}") = "RepoLiveSharpUpdateFailsWithMatBlazor.Server", "Server\RepoLiveSharpUpdateFailsWithMatBlazor.Server.csproj", "{9D80BE50-13CB-40E8-BE7B-246305E5BFE2}"
EndProject
Project("{9A19103F-16F7-4668-BE54-9A1E7A4F7556}") = "RepoLiveSharpUpdateFailsWithMatBlazor.Client", "Client\RepoLiveSharpUpdateFailsWithMatBlazor.Client.csproj", "{3B596F90-FE45-412E-811F-4B43F318EBC6}"
EndProject
Project("{9A19103F-16F7-4668-BE54-9A1E7A4F7556}") = "RepoLiveSharpUpdateFailsWithMatBlazor.Shared", "Shared\RepoLiveSharpUpdateFailsWithMatBlazor.Shared.csproj", "{4D5EAF21-D6F9-4E14-B680-57785CD0BC32}"
EndProject
Global
	GlobalSection(SolutionConfigurationPlatforms) = preSolution
		Debug|Any CPU = Debug|Any CPU
		Release|Any CPU = Release|Any CPU
	EndGlobalSection
	GlobalSection(ProjectConfigurationPlatforms) = postSolution
		{9D80BE50-13CB-40E8-BE7B-246305E5BFE2}.Debug|Any CPU.ActiveCfg = Debug|Any CPU
		{9D80BE50-13CB-40E8-BE7B-246305E5BFE2}.Debug|Any CPU.Build.0 = Debug|Any CPU
		{9D80BE50-13CB-40E8-BE7B-246305E5BFE2}.Release|Any CPU.ActiveCfg = Release|Any CPU
		{9D80BE50-13CB-40E8-BE7B-246305E5BFE2}.Release|Any CPU.Build.0 = Release|Any CPU
		{3B596F90-FE45-412E-811F-4B43F318EBC6}.Debug|Any CPU.ActiveCfg = Debug|Any CPU
		{3B596F90-FE45-412E-811F-4B43F318EBC6}.Debug|Any CPU.Build.0 = Debug|Any CPU
		{3B596F90-FE45-412E-811F-4B43F318EBC6}.Release|Any CPU.ActiveCfg = Release|Any CPU
		{3B596F90-FE45-412E-811F-4B43F318EBC6}.Release|Any CPU.Build.0 = Release|Any CPU
		{4D5EAF21-D6F9-4E14-B680-57785CD0BC32}.Debug|Any CPU.ActiveCfg = Debug|Any CPU
		{4D5EAF21-D6F9-4E14-B680-57785CD0BC32}.Debug|Any CPU.Build.0 = Debug|Any CPU
		{4D5EAF21-D6F9-4E14-B680-57785CD0BC32}.Release|Any CPU.ActiveCfg = Release|Any CPU
		{4D5EAF21-D6F9-4E14-B680-57785CD0BC32}.Release|Any CPU.Build.0 = Release|Any CPU
	EndGlobalSection
	GlobalSection(SolutionProperties) = preSolution
		HideSolutionNode = FALSE
	EndGlobalSection
	GlobalSection(ExtensibilityGlobals) = postSolution
		SolutionGuid = {72A19511-B5F7-4A54-886D-1A67B6C3B9A2}
	EndGlobalSection
EndGlobal
